// !$*UTF8*$!
{
	archiveVersion = 1;
	classes = {
	};
	objectVersion = 50;
	objects = {

/* Begin PBXBuildFile section */
		6D801AAEDFF4EFBAE781BD85 /* Pods_obligatorio1.framework in Frameworks */ = {isa = PBXBuildFile; fileRef = 480C6A3DD921EB8C7DBC6445 /* Pods_obligatorio1.framework */; };
		920373B5226D3B7A009A6C16 /* BannerCollectionViewCell.swift in Sources */ = {isa = PBXBuildFile; fileRef = 920373B4226D3B7A009A6C16 /* BannerCollectionViewCell.swift */; };
		920373B7226D3BDB009A6C16 /* ItemTableViewCell.swift in Sources */ = {isa = PBXBuildFile; fileRef = 920373B6226D3BDB009A6C16 /* ItemTableViewCell.swift */; };
		920373BB226D3CC9009A6C16 /* CartCollectionViewCell.swift in Sources */ = {isa = PBXBuildFile; fileRef = 920373BA226D3CC9009A6C16 /* CartCollectionViewCell.swift */; };
		920FE30822727BF80073805D /* Product.swift in Sources */ = {isa = PBXBuildFile; fileRef = 920FE30722727BF80073805D /* Product.swift */; };
		920FE30B22727FD30073805D /* Promotion.swift in Sources */ = {isa = PBXBuildFile; fileRef = 920FE30A22727FD30073805D /* Promotion.swift */; };
		920FE30D227284FB0073805D /* CheckoutItem.swift in Sources */ = {isa = PBXBuildFile; fileRef = 920FE30C227284FB0073805D /* CheckoutItem.swift */; };
		920FE30F22728F0D0073805D /* ModelManager.swift in Sources */ = {isa = PBXBuildFile; fileRef = 920FE30E22728F0D0073805D /* ModelManager.swift */; };
		9287CB7A2290CAAD00B0D014 /* Constants.swift in Sources */ = {isa = PBXBuildFile; fileRef = 9287CB792290CAAD00B0D014 /* Constants.swift */; };
		9287CB7C2291FDDD00B0D014 /* ApiManager.swift in Sources */ = {isa = PBXBuildFile; fileRef = 9287CB7B2291FDDD00B0D014 /* ApiManager.swift */; };
		92938B272297768600EDBCB1 /* CartItem.swift in Sources */ = {isa = PBXBuildFile; fileRef = 92938B262297768600EDBCB1 /* CartItem.swift */; };
		92D16791226CBA2900E0110F /* AppDelegate.swift in Sources */ = {isa = PBXBuildFile; fileRef = 92D16790226CBA2900E0110F /* AppDelegate.swift */; };
		92D16796226CBA2900E0110F /* Main.storyboard in Resources */ = {isa = PBXBuildFile; fileRef = 92D16794226CBA2900E0110F /* Main.storyboard */; };
		92D16798226CBA2B00E0110F /* Assets.xcassets in Resources */ = {isa = PBXBuildFile; fileRef = 92D16797226CBA2B00E0110F /* Assets.xcassets */; };
		92D1679B226CBA2B00E0110F /* LaunchScreen.storyboard in Resources */ = {isa = PBXBuildFile; fileRef = 92D16799226CBA2B00E0110F /* LaunchScreen.storyboard */; };
		92D167A3226CC67200E0110F /* HomeViewController.swift in Sources */ = {isa = PBXBuildFile; fileRef = 92D167A2226CC67200E0110F /* HomeViewController.swift */; };
		92D167A5226CC68700E0110F /* CheckoutViewController.swift in Sources */ = {isa = PBXBuildFile; fileRef = 92D167A4226CC68700E0110F /* CheckoutViewController.swift */; };
		92EEEB2A228E3F760052A114 /* AuthenticationManager.swift in Sources */ = {isa = PBXBuildFile; fileRef = 92EEEB28228E3F750052A114 /* AuthenticationManager.swift */; };
		92EEEB2B228E3F760052A114 /* AuthenticationResponse.swift in Sources */ = {isa = PBXBuildFile; fileRef = 92EEEB29228E3F760052A114 /* AuthenticationResponse.swift */; };
		92EEEB2D228E44340052A114 /* Purchase.swift in Sources */ = {isa = PBXBuildFile; fileRef = 92EEEB2C228E44340052A114 /* Purchase.swift */; };
/* End PBXBuildFile section */

/* Begin PBXFileReference section */
		480C6A3DD921EB8C7DBC6445 /* Pods_obligatorio1.framework */ = {isa = PBXFileReference; explicitFileType = wrapper.framework; includeInIndex = 0; path = Pods_obligatorio1.framework; sourceTree = BUILT_PRODUCTS_DIR; };
		920373B4226D3B7A009A6C16 /* BannerCollectionViewCell.swift */ = {isa = PBXFileReference; lastKnownFileType = sourcecode.swift; path = BannerCollectionViewCell.swift; sourceTree = "<group>"; };
		920373B6226D3BDB009A6C16 /* ItemTableViewCell.swift */ = {isa = PBXFileReference; lastKnownFileType = sourcecode.swift; path = ItemTableViewCell.swift; sourceTree = "<group>"; };
		920373BA226D3CC9009A6C16 /* CartCollectionViewCell.swift */ = {isa = PBXFileReference; lastKnownFileType = sourcecode.swift; path = CartCollectionViewCell.swift; sourceTree = "<group>"; };
		920FE30722727BF80073805D /* Product.swift */ = {isa = PBXFileReference; lastKnownFileType = sourcecode.swift; path = Product.swift; sourceTree = "<group>"; };
		920FE30A22727FD30073805D /* Promotion.swift */ = {isa = PBXFileReference; lastKnownFileType = sourcecode.swift; path = Promotion.swift; sourceTree = "<group>"; };
		920FE30C227284FB0073805D /* CheckoutItem.swift */ = {isa = PBXFileReference; lastKnownFileType = sourcecode.swift; path = CheckoutItem.swift; sourceTree = "<group>"; };
		920FE30E22728F0D0073805D /* ModelManager.swift */ = {isa = PBXFileReference; lastKnownFileType = sourcecode.swift; path = ModelManager.swift; sourceTree = "<group>"; };
		9287CB792290CAAD00B0D014 /* Constants.swift */ = {isa = PBXFileReference; lastKnownFileType = sourcecode.swift; path = Constants.swift; sourceTree = "<group>"; };
		9287CB7B2291FDDD00B0D014 /* ApiManager.swift */ = {isa = PBXFileReference; lastKnownFileType = sourcecode.swift; path = ApiManager.swift; sourceTree = "<group>"; };
		92938B262297768600EDBCB1 /* CartItem.swift */ = {isa = PBXFileReference; lastKnownFileType = sourcecode.swift; path = CartItem.swift; sourceTree = "<group>"; };
		92D1678D226CBA2900E0110F /* obligatorio1.app */ = {isa = PBXFileReference; explicitFileType = wrapper.application; includeInIndex = 0; path = obligatorio1.app; sourceTree = BUILT_PRODUCTS_DIR; };
		92D16790226CBA2900E0110F /* AppDelegate.swift */ = {isa = PBXFileReference; lastKnownFileType = sourcecode.swift; path = AppDelegate.swift; sourceTree = "<group>"; };
		92D16795226CBA2900E0110F /* Base */ = {isa = PBXFileReference; lastKnownFileType = file.storyboard; name = Base; path = Base.lproj/Main.storyboard; sourceTree = "<group>"; };
		92D16797226CBA2B00E0110F /* Assets.xcassets */ = {isa = PBXFileReference; lastKnownFileType = folder.assetcatalog; path = Assets.xcassets; sourceTree = "<group>"; };
		92D1679A226CBA2B00E0110F /* Base */ = {isa = PBXFileReference; lastKnownFileType = file.storyboard; name = Base; path = Base.lproj/LaunchScreen.storyboard; sourceTree = "<group>"; };
		92D1679C226CBA2B00E0110F /* Info.plist */ = {isa = PBXFileReference; lastKnownFileType = text.plist.xml; path = Info.plist; sourceTree = "<group>"; };
		92D167A2226CC67200E0110F /* HomeViewController.swift */ = {isa = PBXFileReference; lastKnownFileType = sourcecode.swift; path = HomeViewController.swift; sourceTree = "<group>"; };
		92D167A4226CC68700E0110F /* CheckoutViewController.swift */ = {isa = PBXFileReference; lastKnownFileType = sourcecode.swift; path = CheckoutViewController.swift; sourceTree = "<group>"; };
		92EEEB28228E3F750052A114 /* AuthenticationManager.swift */ = {isa = PBXFileReference; fileEncoding = 4; lastKnownFileType = sourcecode.swift; path = AuthenticationManager.swift; sourceTree = "<group>"; };
		92EEEB29228E3F760052A114 /* AuthenticationResponse.swift */ = {isa = PBXFileReference; fileEncoding = 4; lastKnownFileType = sourcecode.swift; path = AuthenticationResponse.swift; sourceTree = "<group>"; };
		92EEEB2C228E44340052A114 /* Purchase.swift */ = {isa = PBXFileReference; lastKnownFileType = sourcecode.swift; path = Purchase.swift; sourceTree = "<group>"; };
		9554F399D16C7C372B377BBE /* Pods-obligatorio1.release.xcconfig */ = {isa = PBXFileReference; includeInIndex = 1; lastKnownFileType = text.xcconfig; name = "Pods-obligatorio1.release.xcconfig"; path = "Pods/Target Support Files/Pods-obligatorio1/Pods-obligatorio1.release.xcconfig"; sourceTree = "<group>"; };
		BA273AF81A26B78361B4B1C7 /* Pods-obligatorio1.debug.xcconfig */ = {isa = PBXFileReference; includeInIndex = 1; lastKnownFileType = text.xcconfig; name = "Pods-obligatorio1.debug.xcconfig"; path = "Pods/Target Support Files/Pods-obligatorio1/Pods-obligatorio1.debug.xcconfig"; sourceTree = "<group>"; };
/* End PBXFileReference section */

/* Begin PBXFrameworksBuildPhase section */
		92D1678A226CBA2900E0110F /* Frameworks */ = {
			isa = PBXFrameworksBuildPhase;
			buildActionMask = 2147483647;
			files = (
				6D801AAEDFF4EFBAE781BD85 /* Pods_obligatorio1.framework in Frameworks */,
			);
			runOnlyForDeploymentPostprocessing = 0;
		};
/* End PBXFrameworksBuildPhase section */

/* Begin PBXGroup section */
		287DCB8F88C9F854F8C0DA55 /* Frameworks */ = {
			isa = PBXGroup;
			children = (
				480C6A3DD921EB8C7DBC6445 /* Pods_obligatorio1.framework */,
			);
			name = Frameworks;
			sourceTree = "<group>";
		};
		4844F97229A65D4B8BFF3AC6 /* Pods */ = {
			isa = PBXGroup;
			children = (
				BA273AF81A26B78361B4B1C7 /* Pods-obligatorio1.debug.xcconfig */,
				9554F399D16C7C372B377BBE /* Pods-obligatorio1.release.xcconfig */,
			);
			name = Pods;
			sourceTree = "<group>";
		};
		920FE30922727F950073805D /* Models */ = {
			isa = PBXGroup;
			children = (
				9287CB7B2291FDDD00B0D014 /* ApiManager.swift */,
				920FE30C227284FB0073805D /* CheckoutItem.swift */,
				920FE30E22728F0D0073805D /* ModelManager.swift */,
				920FE30722727BF80073805D /* Product.swift */,
				920FE30A22727FD30073805D /* Promotion.swift */,
				92EEEB2C228E44340052A114 /* Purchase.swift */,
				92938B262297768600EDBCB1 /* CartItem.swift */,
			);
			path = Models;
			sourceTree = "<group>";
		};
		92D16784226CBA2900E0110F = {
			isa = PBXGroup;
			children = (
				92D1678F226CBA2900E0110F /* obligatorio1 */,
				92D1678E226CBA2900E0110F /* Products */,
				4844F97229A65D4B8BFF3AC6 /* Pods */,
				287DCB8F88C9F854F8C0DA55 /* Frameworks */,
			);
			sourceTree = "<group>";
		};
		92D1678E226CBA2900E0110F /* Products */ = {
			isa = PBXGroup;
			children = (
				92D1678D226CBA2900E0110F /* obligatorio1.app */,
			);
			name = Products;
			sourceTree = "<group>";
		};
		92D1678F226CBA2900E0110F /* obligatorio1 */ = {
			isa = PBXGroup;
			children = (
				92D16790226CBA2900E0110F /* AppDelegate.swift */,
				92D16797226CBA2B00E0110F /* Assets.xcassets */,
				92D16799226CBA2B00E0110F /* LaunchScreen.storyboard */,
				92D16794226CBA2900E0110F /* Main.storyboard */,
				92D1679C226CBA2B00E0110F /* Info.plist */,
				92EEEB25228E3EE10052A114 /* Controllers */,
				920FE30922727F950073805D /* Models */,
				92EEEB24228E3EC70052A114 /* Utils */,
				92EEEB26228E3EEA0052A114 /* Views */,
			);
			path = obligatorio1;
			sourceTree = "<group>";
		};
		92EEEB24228E3EC70052A114 /* Utils */ = {
			isa = PBXGroup;
			children = (
				92EEEB28228E3F750052A114 /* AuthenticationManager.swift */,
				92EEEB29228E3F760052A114 /* AuthenticationResponse.swift */,
				9287CB792290CAAD00B0D014 /* Constants.swift */,
			);
			path = Utils;
			sourceTree = "<group>";
		};
		92EEEB25228E3EE10052A114 /* Controllers */ = {
			isa = PBXGroup;
			children = (
				92D167A4226CC68700E0110F /* CheckoutViewController.swift */,
				92D167A2226CC67200E0110F /* HomeViewController.swift */,
			);
			path = Controllers;
			sourceTree = "<group>";
		};
		92EEEB26228E3EEA0052A114 /* Views */ = {
			isa = PBXGroup;
			children = (
				920373B4226D3B7A009A6C16 /* BannerCollectionViewCell.swift */,
				920373BA226D3CC9009A6C16 /* CartCollectionViewCell.swift */,
				920373B6226D3BDB009A6C16 /* ItemTableViewCell.swift */,
			);
			path = Views;
			sourceTree = "<group>";
		};
/* End PBXGroup section */

/* Begin PBXNativeTarget section */
		92D1678C226CBA2900E0110F /* obligatorio1 */ = {
			isa = PBXNativeTarget;
			buildConfigurationList = 92D1679F226CBA2B00E0110F /* Build configuration list for PBXNativeTarget "obligatorio1" */;
			buildPhases = (
				EC7F1F70C1EC399BFEE68C5D /* [CP] Check Pods Manifest.lock */,
				92D16789226CBA2900E0110F /* Sources */,
				92D1678A226CBA2900E0110F /* Frameworks */,
				92D1678B226CBA2900E0110F /* Resources */,
				2E32C5D9003B081D13A5E018 /* [CP] Embed Pods Frameworks */,
			);
			buildRules = (
			);
			dependencies = (
			);
			name = obligatorio1;
			productName = obligatorio1;
			productReference = 92D1678D226CBA2900E0110F /* obligatorio1.app */;
			productType = "com.apple.product-type.application";
		};
/* End PBXNativeTarget section */

/* Begin PBXProject section */
		92D16785226CBA2900E0110F /* Project object */ = {
			isa = PBXProject;
			attributes = {
				LastSwiftUpdateCheck = 1020;
				LastUpgradeCheck = 1020;
				ORGANIZATIONNAME = "Manuel Barral";
				TargetAttributes = {
					92D1678C226CBA2900E0110F = {
						CreatedOnToolsVersion = 10.2.1;
					};
				};
			};
			buildConfigurationList = 92D16788226CBA2900E0110F /* Build configuration list for PBXProject "obligatorio1" */;
			compatibilityVersion = "Xcode 9.3";
			developmentRegion = en;
			hasScannedForEncodings = 0;
			knownRegions = (
				en,
				Base,
			);
			mainGroup = 92D16784226CBA2900E0110F;
			productRefGroup = 92D1678E226CBA2900E0110F /* Products */;
			projectDirPath = "";
			projectRoot = "";
			targets = (
				92D1678C226CBA2900E0110F /* obligatorio1 */,
			);
		};
/* End PBXProject section */

/* Begin PBXResourcesBuildPhase section */
		92D1678B226CBA2900E0110F /* Resources */ = {
			isa = PBXResourcesBuildPhase;
			buildActionMask = 2147483647;
			files = (
				92D1679B226CBA2B00E0110F /* LaunchScreen.storyboard in Resources */,
				92D16798226CBA2B00E0110F /* Assets.xcassets in Resources */,
				92D16796226CBA2900E0110F /* Main.storyboard in Resources */,
			);
			runOnlyForDeploymentPostprocessing = 0;
		};
/* End PBXResourcesBuildPhase section */

/* Begin PBXShellScriptBuildPhase section */
		2E32C5D9003B081D13A5E018 /* [CP] Embed Pods Frameworks */ = {
			isa = PBXShellScriptBuildPhase;
			buildActionMask = 2147483647;
			files = (
			);
			inputPaths = (
				"${SRCROOT}/Pods/Target Support Files/Pods-obligatorio1/Pods-obligatorio1-frameworks.sh",
				"${BUILT_PRODUCTS_DIR}/Alamofire/Alamofire.framework",
				"${BUILT_PRODUCTS_DIR}/AlamofireObjectMapper/AlamofireObjectMapper.framework",
				"${BUILT_PRODUCTS_DIR}/Kingfisher/Kingfisher.framework",
				"${BUILT_PRODUCTS_DIR}/ObjectMapper/ObjectMapper.framework",
			);
			name = "[CP] Embed Pods Frameworks";
			outputPaths = (
				"${TARGET_BUILD_DIR}/${FRAMEWORKS_FOLDER_PATH}/Alamofire.framework",
				"${TARGET_BUILD_DIR}/${FRAMEWORKS_FOLDER_PATH}/AlamofireObjectMapper.framework",
				"${TARGET_BUILD_DIR}/${FRAMEWORKS_FOLDER_PATH}/Kingfisher.framework",
				"${TARGET_BUILD_DIR}/${FRAMEWORKS_FOLDER_PATH}/ObjectMapper.framework",
			);
			runOnlyForDeploymentPostprocessing = 0;
			shellPath = /bin/sh;
			shellScript = "\"${SRCROOT}/Pods/Target Support Files/Pods-obligatorio1/Pods-obligatorio1-frameworks.sh\"\n";
			showEnvVarsInLog = 0;
		};
		EC7F1F70C1EC399BFEE68C5D /* [CP] Check Pods Manifest.lock */ = {
			isa = PBXShellScriptBuildPhase;
			buildActionMask = 2147483647;
			files = (
			);
			inputPaths = (
				"${PODS_PODFILE_DIR_PATH}/Podfile.lock",
				"${PODS_ROOT}/Manifest.lock",
			);
			name = "[CP] Check Pods Manifest.lock";
			outputPaths = (
				"$(DERIVED_FILE_DIR)/Pods-obligatorio1-checkManifestLockResult.txt",
			);
			runOnlyForDeploymentPostprocessing = 0;
			shellPath = /bin/sh;
			shellScript = "diff \"${PODS_PODFILE_DIR_PATH}/Podfile.lock\" \"${PODS_ROOT}/Manifest.lock\" > /dev/null\nif [ $? != 0 ] ; then\n    # print error to STDERR\n    echo \"error: The sandbox is not in sync with the Podfile.lock. Run 'pod install' or update your CocoaPods installation.\" >&2\n    exit 1\nfi\n# This output is used by Xcode 'outputs' to avoid re-running this script phase.\necho \"SUCCESS\" > \"${SCRIPT_OUTPUT_FILE_0}\"\n";
			showEnvVarsInLog = 0;
		};
/* End PBXShellScriptBuildPhase section */

/* Begin PBXSourcesBuildPhase section */
		92D16789226CBA2900E0110F /* Sources */ = {
			isa = PBXSourcesBuildPhase;
			buildActionMask = 2147483647;
			files = (
				920FE30B22727FD30073805D /* Promotion.swift in Sources */,
				920FE30F22728F0D0073805D /* ModelManager.swift in Sources */,
				92938B272297768600EDBCB1 /* CartItem.swift in Sources */,
				92EEEB2A228E3F760052A114 /* AuthenticationManager.swift in Sources */,
				92D167A5226CC68700E0110F /* CheckoutViewController.swift in Sources */,
				92D16791226CBA2900E0110F /* AppDelegate.swift in Sources */,
				920FE30822727BF80073805D /* Product.swift in Sources */,
				920FE30D227284FB0073805D /* CheckoutItem.swift in Sources */,
				9287CB7C2291FDDD00B0D014 /* ApiManager.swift in Sources */,
				920373B7226D3BDB009A6C16 /* ItemTableViewCell.swift in Sources */,
				920373B5226D3B7A009A6C16 /* BannerCollectionViewCell.swift in Sources */,
				920373BB226D3CC9009A6C16 /* CartCollectionViewCell.swift in Sources */,
				92EEEB2B228E3F760052A114 /* AuthenticationResponse.swift in Sources */,
				9287CB7A2290CAAD00B0D014 /* Constants.swift in Sources */,
				92EEEB2D228E44340052A114 /* Purchase.swift in Sources */,
				92D167A3226CC67200E0110F /* HomeViewController.swift in Sources */,
			);
			runOnlyForDeploymentPostprocessing = 0;
		};
/* End PBXSourcesBuildPhase section */

/* Begin PBXVariantGroup section */
		92D16794226CBA2900E0110F /* Main.storyboard */ = {
			isa = PBXVariantGroup;
			children = (
				92D16795226CBA2900E0110F /* Base */,
			);
			name = Main.storyboard;
			sourceTree = "<group>";
		};
		92D16799226CBA2B00E0110F /* LaunchScreen.storyboard */ = {
			isa = PBXVariantGroup;
			children = (
				92D1679A226CBA2B00E0110F /* Base */,
			);
			name = LaunchScreen.storyboard;
			sourceTree = "<group>";
		};
/* End PBXVariantGroup section */

/* Begin XCBuildConfiguration section */
		92D1679D226CBA2B00E0110F /* Debug */ = {
			isa = XCBuildConfiguration;
			buildSettings = {
				ALWAYS_SEARCH_USER_PATHS = NO;
				CLANG_ANALYZER_NONNULL = YES;
				CLANG_ANALYZER_NUMBER_OBJECT_CONVERSION = YES_AGGRESSIVE;
				CLANG_CXX_LANGUAGE_STANDARD = "gnu++14";
				CLANG_CXX_LIBRARY = "libc++";
				CLANG_ENABLE_MODULES = YES;
				CLANG_ENABLE_OBJC_ARC = YES;
				CLANG_ENABLE_OBJC_WEAK = YES;
				CLANG_WARN_BLOCK_CAPTURE_AUTORELEASING = YES;
				CLANG_WARN_BOOL_CONVERSION = YES;
				CLANG_WARN_COMMA = YES;
				CLANG_WARN_CONSTANT_CONVERSION = YES;
				CLANG_WARN_DEPRECATED_OBJC_IMPLEMENTATIONS = YES;
				CLANG_WARN_DIRECT_OBJC_ISA_USAGE = YES_ERROR;
				CLANG_WARN_DOCUMENTATION_COMMENTS = YES;
				CLANG_WARN_EMPTY_BODY = YES;
				CLANG_WARN_ENUM_CONVERSION = YES;
				CLANG_WARN_INFINITE_RECURSION = YES;
				CLANG_WARN_INT_CONVERSION = YES;
				CLANG_WARN_NON_LITERAL_NULL_CONVERSION = YES;
				CLANG_WARN_OBJC_IMPLICIT_RETAIN_SELF = YES;
				CLANG_WARN_OBJC_LITERAL_CONVERSION = YES;
				CLANG_WARN_OBJC_ROOT_CLASS = YES_ERROR;
				CLANG_WARN_RANGE_LOOP_ANALYSIS = YES;
				CLANG_WARN_STRICT_PROTOTYPES = YES;
				CLANG_WARN_SUSPICIOUS_MOVE = YES;
				CLANG_WARN_UNGUARDED_AVAILABILITY = YES_AGGRESSIVE;
				CLANG_WARN_UNREACHABLE_CODE = YES;
				CLANG_WARN__DUPLICATE_METHOD_MATCH = YES;
				CODE_SIGN_IDENTITY = "iPhone Developer";
				COPY_PHASE_STRIP = NO;
				DEBUG_INFORMATION_FORMAT = dwarf;
				ENABLE_STRICT_OBJC_MSGSEND = YES;
				ENABLE_TESTABILITY = YES;
				GCC_C_LANGUAGE_STANDARD = gnu11;
				GCC_DYNAMIC_NO_PIC = NO;
				GCC_NO_COMMON_BLOCKS = YES;
				GCC_OPTIMIZATION_LEVEL = 0;
				GCC_PREPROCESSOR_DEFINITIONS = (
					"DEBUG=1",
					"$(inherited)",
				);
				GCC_WARN_64_TO_32_BIT_CONVERSION = YES;
				GCC_WARN_ABOUT_RETURN_TYPE = YES_ERROR;
				GCC_WARN_UNDECLARED_SELECTOR = YES;
				GCC_WARN_UNINITIALIZED_AUTOS = YES_AGGRESSIVE;
				GCC_WARN_UNUSED_FUNCTION = YES;
				GCC_WARN_UNUSED_VARIABLE = YES;
				IPHONEOS_DEPLOYMENT_TARGET = 12.2;
				MTL_ENABLE_DEBUG_INFO = INCLUDE_SOURCE;
				MTL_FAST_MATH = YES;
				ONLY_ACTIVE_ARCH = YES;
				SDKROOT = iphoneos;
				SWIFT_ACTIVE_COMPILATION_CONDITIONS = DEBUG;
				SWIFT_OPTIMIZATION_LEVEL = "-Onone";
			};
			name = Debug;
		};
		92D1679E226CBA2B00E0110F /* Release */ = {
			isa = XCBuildConfiguration;
			buildSettings = {
				ALWAYS_SEARCH_USER_PATHS = NO;
				CLANG_ANALYZER_NONNULL = YES;
				CLANG_ANALYZER_NUMBER_OBJECT_CONVERSION = YES_AGGRESSIVE;
				CLANG_CXX_LANGUAGE_STANDARD = "gnu++14";
				CLANG_CXX_LIBRARY = "libc++";
				CLANG_ENABLE_MODULES = YES;
				CLANG_ENABLE_OBJC_ARC = YES;
				CLANG_ENABLE_OBJC_WEAK = YES;
				CLANG_WARN_BLOCK_CAPTURE_AUTORELEASING = YES;
				CLANG_WARN_BOOL_CONVERSION = YES;
				CLANG_WARN_COMMA = YES;
				CLANG_WARN_CONSTANT_CONVERSION = YES;
				CLANG_WARN_DEPRECATED_OBJC_IMPLEMENTATIONS = YES;
				CLANG_WARN_DIRECT_OBJC_ISA_USAGE = YES_ERROR;
				CLANG_WARN_DOCUMENTATION_COMMENTS = YES;
				CLANG_WARN_EMPTY_BODY = YES;
				CLANG_WARN_ENUM_CONVERSION = YES;
				CLANG_WARN_INFINITE_RECURSION = YES;
				CLANG_WARN_INT_CONVERSION = YES;
				CLANG_WARN_NON_LITERAL_NULL_CONVERSION = YES;
				CLANG_WARN_OBJC_IMPLICIT_RETAIN_SELF = YES;
				CLANG_WARN_OBJC_LITERAL_CONVERSION = YES;
				CLANG_WARN_OBJC_ROOT_CLASS = YES_ERROR;
				CLANG_WARN_RANGE_LOOP_ANALYSIS = YES;
				CLANG_WARN_STRICT_PROTOTYPES = YES;
				CLANG_WARN_SUSPICIOUS_MOVE = YES;
				CLANG_WARN_UNGUARDED_AVAILABILITY = YES_AGGRESSIVE;
				CLANG_WARN_UNREACHABLE_CODE = YES;
				CLANG_WARN__DUPLICATE_METHOD_MATCH = YES;
				CODE_SIGN_IDENTITY = "iPhone Developer";
				COPY_PHASE_STRIP = NO;
				DEBUG_INFORMATION_FORMAT = "dwarf-with-dsym";
				ENABLE_NS_ASSERTIONS = NO;
				ENABLE_STRICT_OBJC_MSGSEND = YES;
				GCC_C_LANGUAGE_STANDARD = gnu11;
				GCC_NO_COMMON_BLOCKS = YES;
				GCC_WARN_64_TO_32_BIT_CONVERSION = YES;
				GCC_WARN_ABOUT_RETURN_TYPE = YES_ERROR;
				GCC_WARN_UNDECLARED_SELECTOR = YES;
				GCC_WARN_UNINITIALIZED_AUTOS = YES_AGGRESSIVE;
				GCC_WARN_UNUSED_FUNCTION = YES;
				GCC_WARN_UNUSED_VARIABLE = YES;
				IPHONEOS_DEPLOYMENT_TARGET = 12.2;
				MTL_ENABLE_DEBUG_INFO = NO;
				MTL_FAST_MATH = YES;
				SDKROOT = iphoneos;
				SWIFT_COMPILATION_MODE = wholemodule;
				SWIFT_OPTIMIZATION_LEVEL = "-O";
				VALIDATE_PRODUCT = YES;
			};
			name = Release;
		};
		92D167A0226CBA2B00E0110F /* Debug */ = {
			isa = XCBuildConfiguration;
			baseConfigurationReference = BA273AF81A26B78361B4B1C7 /* Pods-obligatorio1.debug.xcconfig */;
			buildSettings = {
				ASSETCATALOG_COMPILER_APPICON_NAME = AppIcon;
				CODE_SIGN_STYLE = Automatic;
				DEVELOPMENT_TEAM = XPU7SMD2HV;
				INFOPLIST_FILE = obligatorio1/Info.plist;
				IPHONEOS_DEPLOYMENT_TARGET = 10.0;
				LD_RUNPATH_SEARCH_PATHS = (
					"$(inherited)",
					"@executable_path/Frameworks",
				);
				PRODUCT_BUNDLE_IDENTIFIER = manuelbarral.obligatorio1;
				PRODUCT_NAME = "$(TARGET_NAME)";
				SWIFT_VERSION = 5.0;
				TARGETED_DEVICE_FAMILY = "1,2";
			};
			name = Debug;
		};
		92D167A1226CBA2B00E0110F /* Release */ = {
			isa = XCBuildConfiguration;
			baseConfigurationReference = 9554F399D16C7C372B377BBE /* Pods-obligatorio1.release.xcconfig */;
			buildSettings = {
				ASSETCATALOG_COMPILER_APPICON_NAME = AppIcon;
				CODE_SIGN_STYLE = Automatic;
				DEVELOPMENT_TEAM = XPU7SMD2HV;
				INFOPLIST_FILE = obligatorio1/Info.plist;
				IPHONEOS_DEPLOYMENT_TARGET = 10.0;
				LD_RUNPATH_SEARCH_PATHS = (
					"$(inherited)",
					"@executable_path/Frameworks",
				);
				PRODUCT_BUNDLE_IDENTIFIER = manuelbarral.obligatorio1;
				PRODUCT_NAME = "$(TARGET_NAME)";
				SWIFT_VERSION = 5.0;
				TARGETED_DEVICE_FAMILY = "1,2";
			};
			name = Release;
		};
/* End XCBuildConfiguration section */

/* Begin XCConfigurationList section */
		92D16788226CBA2900E0110F /* Build configuration list for PBXProject "obligatorio1" */ = {
			isa = XCConfigurationList;
			buildConfigurations = (
				92D1679D226CBA2B00E0110F /* Debug */,
				92D1679E226CBA2B00E0110F /* Release */,
			);
			defaultConfigurationIsVisible = 0;
			defaultConfigurationName = Release;
		};
		92D1679F226CBA2B00E0110F /* Build configuration list for PBXNativeTarget "obligatorio1" */ = {
			isa = XCConfigurationList;
			buildConfigurations = (
				92D167A0226CBA2B00E0110F /* Debug */,
				92D167A1226CBA2B00E0110F /* Release */,
			);
			defaultConfigurationIsVisible = 0;
			defaultConfigurationName = Release;
		};
/* End XCConfigurationList section */
	};
	rootObject = 92D16785226CBA2900E0110F /* Project object */;
}
