// !$*UTF8*$!
{
	archiveVersion = 1;
	classes = {
	};
	objectVersion = 50;
	objects = {

/* Begin PBXBuildFile section */
		920373B5226D3B7A009A6C16 /* BannerCollectionViewCell.swift in Sources */ = {isa = PBXBuildFile; fileRef = 920373B4226D3B7A009A6C16 /* BannerCollectionViewCell.swift */; };
		920373B7226D3BDB009A6C16 /* ItemTableViewCell.swift in Sources */ = {isa = PBXBuildFile; fileRef = 920373B6226D3BDB009A6C16 /* ItemTableViewCell.swift */; };
		920373BB226D3CC9009A6C16 /* CartCollectionViewCell.swift in Sources */ = {isa = PBXBuildFile; fileRef = 920373BA226D3CC9009A6C16 /* CartCollectionViewCell.swift */; };
		920FE30822727BF80073805D /* SupermarketItem.swift in Sources */ = {isa = PBXBuildFile; fileRef = 920FE30722727BF80073805D /* SupermarketItem.swift */; };
		920FE30B22727FD30073805D /* BannerItem.swift in Sources */ = {isa = PBXBuildFile; fileRef = 920FE30A22727FD30073805D /* BannerItem.swift */; };
		920FE30D227284FB0073805D /* CheckoutItem.swift in Sources */ = {isa = PBXBuildFile; fileRef = 920FE30C227284FB0073805D /* CheckoutItem.swift */; };
		920FE30F22728F0D0073805D /* DataManager.swift in Sources */ = {isa = PBXBuildFile; fileRef = 920FE30E22728F0D0073805D /* DataManager.swift */; };
		92D16791226CBA2900E0110F /* AppDelegate.swift in Sources */ = {isa = PBXBuildFile; fileRef = 92D16790226CBA2900E0110F /* AppDelegate.swift */; };
		92D16796226CBA2900E0110F /* Main.storyboard in Resources */ = {isa = PBXBuildFile; fileRef = 92D16794226CBA2900E0110F /* Main.storyboard */; };
		92D16798226CBA2B00E0110F /* Assets.xcassets in Resources */ = {isa = PBXBuildFile; fileRef = 92D16797226CBA2B00E0110F /* Assets.xcassets */; };
		92D1679B226CBA2B00E0110F /* LaunchScreen.storyboard in Resources */ = {isa = PBXBuildFile; fileRef = 92D16799226CBA2B00E0110F /* LaunchScreen.storyboard */; };
		92D167A3226CC67200E0110F /* HomeViewController.swift in Sources */ = {isa = PBXBuildFile; fileRef = 92D167A2226CC67200E0110F /* HomeViewController.swift */; };
		92D167A5226CC68700E0110F /* CheckoutViewController.swift in Sources */ = {isa = PBXBuildFile; fileRef = 92D167A4226CC68700E0110F /* CheckoutViewController.swift */; };
/* End PBXBuildFile section */

/* Begin PBXFileReference section */
		920373B4226D3B7A009A6C16 /* BannerCollectionViewCell.swift */ = {isa = PBXFileReference; lastKnownFileType = sourcecode.swift; path = BannerCollectionViewCell.swift; sourceTree = "<group>"; };
		920373B6226D3BDB009A6C16 /* ItemTableViewCell.swift */ = {isa = PBXFileReference; lastKnownFileType = sourcecode.swift; path = ItemTableViewCell.swift; sourceTree = "<group>"; };
		920373BA226D3CC9009A6C16 /* CartCollectionViewCell.swift */ = {isa = PBXFileReference; lastKnownFileType = sourcecode.swift; path = CartCollectionViewCell.swift; sourceTree = "<group>"; };
		920FE30722727BF80073805D /* SupermarketItem.swift */ = {isa = PBXFileReference; lastKnownFileType = sourcecode.swift; path = SupermarketItem.swift; sourceTree = "<group>"; };
		920FE30A22727FD30073805D /* BannerItem.swift */ = {isa = PBXFileReference; lastKnownFileType = sourcecode.swift; path = BannerItem.swift; sourceTree = "<group>"; };
		920FE30C227284FB0073805D /* CheckoutItem.swift */ = {isa = PBXFileReference; lastKnownFileType = sourcecode.swift; path = CheckoutItem.swift; sourceTree = "<group>"; };
		920FE30E22728F0D0073805D /* DataManager.swift */ = {isa = PBXFileReference; lastKnownFileType = sourcecode.swift; path = DataManager.swift; sourceTree = "<group>"; };
		92D1678D226CBA2900E0110F /* obligatorio1.app */ = {isa = PBXFileReference; explicitFileType = wrapper.application; includeInIndex = 0; path = obligatorio1.app; sourceTree = BUILT_PRODUCTS_DIR; };
		92D16790226CBA2900E0110F /* AppDelegate.swift */ = {isa = PBXFileReference; lastKnownFileType = sourcecode.swift; path = AppDelegate.swift; sourceTree = "<group>"; };
		92D16795226CBA2900E0110F /* Base */ = {isa = PBXFileReference; lastKnownFileType = file.storyboard; name = Base; path = Base.lproj/Main.storyboard; sourceTree = "<group>"; };
		92D16797226CBA2B00E0110F /* Assets.xcassets */ = {isa = PBXFileReference; lastKnownFileType = folder.assetcatalog; path = Assets.xcassets; sourceTree = "<group>"; };
		92D1679A226CBA2B00E0110F /* Base */ = {isa = PBXFileReference; lastKnownFileType = file.storyboard; name = Base; path = Base.lproj/LaunchScreen.storyboard; sourceTree = "<group>"; };
		92D1679C226CBA2B00E0110F /* Info.plist */ = {isa = PBXFileReference; lastKnownFileType = text.plist.xml; path = Info.plist; sourceTree = "<group>"; };
		92D167A2226CC67200E0110F /* HomeViewController.swift */ = {isa = PBXFileReference; lastKnownFileType = sourcecode.swift; path = HomeViewController.swift; sourceTree = "<group>"; };
		92D167A4226CC68700E0110F /* CheckoutViewController.swift */ = {isa = PBXFileReference; lastKnownFileType = sourcecode.swift; path = CheckoutViewController.swift; sourceTree = "<group>"; };
/* End PBXFileReference section */

/* Begin PBXFrameworksBuildPhase section */
		92D1678A226CBA2900E0110F /* Frameworks */ = {
			isa = PBXFrameworksBuildPhase;
			buildActionMask = 2147483647;
			files = (
			);
			runOnlyForDeploymentPostprocessing = 0;
		};
/* End PBXFrameworksBuildPhase section */

/* Begin PBXGroup section */
		920FE30922727F950073805D /* Data Models */ = {
			isa = PBXGroup;
			children = (
				920FE30722727BF80073805D /* SupermarketItem.swift */,
				920FE30A22727FD30073805D /* BannerItem.swift */,
				920FE30C227284FB0073805D /* CheckoutItem.swift */,
				920FE30E22728F0D0073805D /* DataManager.swift */,
			);
			path = "Data Models";
			sourceTree = "<group>";
		};
		92B7F39E2276C07A00ED9427 /* Home View */ = {
			isa = PBXGroup;
			children = (
				92D167A2226CC67200E0110F /* HomeViewController.swift */,
				920373B6226D3BDB009A6C16 /* ItemTableViewCell.swift */,
				920373B4226D3B7A009A6C16 /* BannerCollectionViewCell.swift */,
			);
			path = "Home View";
			sourceTree = "<group>";
		};
		92B7F39F2276C08700ED9427 /* Checkout View */ = {
			isa = PBXGroup;
			children = (
				92D167A4226CC68700E0110F /* CheckoutViewController.swift */,
				920373BA226D3CC9009A6C16 /* CartCollectionViewCell.swift */,
			);
			path = "Checkout View";
			sourceTree = "<group>";
		};
		92D16784226CBA2900E0110F = {
			isa = PBXGroup;
			children = (
				92D1678F226CBA2900E0110F /* obligatorio1 */,
				92D1678E226CBA2900E0110F /* Products */,
			);
			sourceTree = "<group>";
		};
		92D1678E226CBA2900E0110F /* Products */ = {
			isa = PBXGroup;
			children = (
				92D1678D226CBA2900E0110F /* obligatorio1.app */,
			);
			name = Products;
			sourceTree = "<group>";
		};
		92D1678F226CBA2900E0110F /* obligatorio1 */ = {
			isa = PBXGroup;
			children = (
				92D16790226CBA2900E0110F /* AppDelegate.swift */,
				92D1679C226CBA2B00E0110F /* Info.plist */,
				92D16797226CBA2B00E0110F /* Assets.xcassets */,
				920FE30922727F950073805D /* Data Models */,
				92B7F39E2276C07A00ED9427 /* Home View */,
				92B7F39F2276C08700ED9427 /* Checkout View */,
				92D16794226CBA2900E0110F /* Main.storyboard */,
				92D16799226CBA2B00E0110F /* LaunchScreen.storyboard */,
			);
			path = obligatorio1;
			sourceTree = "<group>";
		};
/* End PBXGroup section */

/* Begin PBXNativeTarget section */
		92D1678C226CBA2900E0110F /* obligatorio1 */ = {
			isa = PBXNativeTarget;
			buildConfigurationList = 92D1679F226CBA2B00E0110F /* Build configuration list for PBXNativeTarget "obligatorio1" */;
			buildPhases = (
				92D16789226CBA2900E0110F /* Sources */,
				92D1678A226CBA2900E0110F /* Frameworks */,
				92D1678B226CBA2900E0110F /* Resources */,
			);
			buildRules = (
			);
			dependencies = (
			);
			name = obligatorio1;
			productName = obligatorio1;
			productReference = 92D1678D226CBA2900E0110F /* obligatorio1.app */;
			productType = "com.apple.product-type.application";
		};
/* End PBXNativeTarget section */

/* Begin PBXProject section */
		92D16785226CBA2900E0110F /* Project object */ = {
			isa = PBXProject;
			attributes = {
				LastSwiftUpdateCheck = 1020;
				LastUpgradeCheck = 1020;
				ORGANIZATIONNAME = "Manuel Barral";
				TargetAttributes = {
					92D1678C226CBA2900E0110F = {
						CreatedOnToolsVersion = 10.2.1;
					};
				};
			};
			buildConfigurationList = 92D16788226CBA2900E0110F /* Build configuration list for PBXProject "obligatorio1" */;
			compatibilityVersion = "Xcode 9.3";
			developmentRegion = en;
			hasScannedForEncodings = 0;
			knownRegions = (
				en,
				Base,
			);
			mainGroup = 92D16784226CBA2900E0110F;
			productRefGroup = 92D1678E226CBA2900E0110F /* Products */;
			projectDirPath = "";
			projectRoot = "";
			targets = (
				92D1678C226CBA2900E0110F /* obligatorio1 */,
			);
		};
/* End PBXProject section */

/* Begin PBXResourcesBuildPhase section */
		92D1678B226CBA2900E0110F /* Resources */ = {
			isa = PBXResourcesBuildPhase;
			buildActionMask = 2147483647;
			files = (
				92D1679B226CBA2B00E0110F /* LaunchScreen.storyboard in Resources */,
				92D16798226CBA2B00E0110F /* Assets.xcassets in Resources */,
				92D16796226CBA2900E0110F /* Main.storyboard in Resources */,
			);
			runOnlyForDeploymentPostprocessing = 0;
		};
/* End PBXResourcesBuildPhase section */

/* Begin PBXSourcesBuildPhase section */
		92D16789226CBA2900E0110F /* Sources */ = {
			isa = PBXSourcesBuildPhase;
			buildActionMask = 2147483647;
			files = (
				920FE30B22727FD30073805D /* BannerItem.swift in Sources */,
				920FE30F22728F0D0073805D /* DataManager.swift in Sources */,
				92D167A5226CC68700E0110F /* CheckoutViewController.swift in Sources */,
				92D16791226CBA2900E0110F /* AppDelegate.swift in Sources */,
				920FE30822727BF80073805D /* SupermarketItem.swift in Sources */,
				920FE30D227284FB0073805D /* CheckoutItem.swift in Sources */,
				920373B7226D3BDB009A6C16 /* ItemTableViewCell.swift in Sources */,
				920373B5226D3B7A009A6C16 /* BannerCollectionViewCell.swift in Sources */,
				920373BB226D3CC9009A6C16 /* CartCollectionViewCell.swift in Sources */,
				92D167A3226CC67200E0110F /* HomeViewController.swift in Sources */,
			);
			runOnlyForDeploymentPostprocessing = 0;
		};
/* End PBXSourcesBuildPhase section */

/* Begin PBXVariantGroup section */
		92D16794226CBA2900E0110F /* Main.storyboard */ = {
			isa = PBXVariantGroup;
			children = (
				92D16795226CBA2900E0110F /* Base */,
			);
			name = Main.storyboard;
			sourceTree = "<group>";
		};
		92D16799226CBA2B00E0110F /* LaunchScreen.storyboard */ = {
			isa = PBXVariantGroup;
			children = (
				92D1679A226CBA2B00E0110F /* Base */,
			);
			name = LaunchScreen.storyboard;
			sourceTree = "<group>";
		};
/* End PBXVariantGroup section */

/* Begin XCBuildConfiguration section */
		92D1679D226CBA2B00E0110F /* Debug */ = {
			isa = XCBuildConfiguration;
			buildSettings = {
				ALWAYS_SEARCH_USER_PATHS = NO;
				CLANG_ANALYZER_NONNULL = YES;
				CLANG_ANALYZER_NUMBER_OBJECT_CONVERSION = YES_AGGRESSIVE;
				CLANG_CXX_LANGUAGE_STANDARD = "gnu++14";
				CLANG_CXX_LIBRARY = "libc++";
				CLANG_ENABLE_MODULES = YES;
				CLANG_ENABLE_OBJC_ARC = YES;
				CLANG_ENABLE_OBJC_WEAK = YES;
				CLANG_WARN_BLOCK_CAPTURE_AUTORELEASING = YES;
				CLANG_WARN_BOOL_CONVERSION = YES;
				CLANG_WARN_COMMA = YES;
				CLANG_WARN_CONSTANT_CONVERSION = YES;
				CLANG_WARN_DEPRECATED_OBJC_IMPLEMENTATIONS = YES;
				CLANG_WARN_DIRECT_OBJC_ISA_USAGE = YES_ERROR;
				CLANG_WARN_DOCUMENTATION_COMMENTS = YES;
				CLANG_WARN_EMPTY_BODY = YES;
				CLANG_WARN_ENUM_CONVERSION = YES;
				CLANG_WARN_INFINITE_RECURSION = YES;
				CLANG_WARN_INT_CONVERSION = YES;
				CLANG_WARN_NON_LITERAL_NULL_CONVERSION = YES;
				CLANG_WARN_OBJC_IMPLICIT_RETAIN_SELF = YES;
				CLANG_WARN_OBJC_LITERAL_CONVERSION = YES;
				CLANG_WARN_OBJC_ROOT_CLASS = YES_ERROR;
				CLANG_WARN_RANGE_LOOP_ANALYSIS = YES;
				CLANG_WARN_STRICT_PROTOTYPES = YES;
				CLANG_WARN_SUSPICIOUS_MOVE = YES;
				CLANG_WARN_UNGUARDED_AVAILABILITY = YES_AGGRESSIVE;
				CLANG_WARN_UNREACHABLE_CODE = YES;
				CLANG_WARN__DUPLICATE_METHOD_MATCH = YES;
				CODE_SIGN_IDENTITY = "iPhone Developer";
				COPY_PHASE_STRIP = NO;
				DEBUG_INFORMATION_FORMAT = dwarf;
				ENABLE_STRICT_OBJC_MSGSEND = YES;
				ENABLE_TESTABILITY = YES;
				GCC_C_LANGUAGE_STANDARD = gnu11;
				GCC_DYNAMIC_NO_PIC = NO;
				GCC_NO_COMMON_BLOCKS = YES;
				GCC_OPTIMIZATION_LEVEL = 0;
				GCC_PREPROCESSOR_DEFINITIONS = (
					"DEBUG=1",
					"$(inherited)",
				);
				GCC_WARN_64_TO_32_BIT_CONVERSION = YES;
				GCC_WARN_ABOUT_RETURN_TYPE = YES_ERROR;
				GCC_WARN_UNDECLARED_SELECTOR = YES;
				GCC_WARN_UNINITIALIZED_AUTOS = YES_AGGRESSIVE;
				GCC_WARN_UNUSED_FUNCTION = YES;
				GCC_WARN_UNUSED_VARIABLE = YES;
				IPHONEOS_DEPLOYMENT_TARGET = 12.2;
				MTL_ENABLE_DEBUG_INFO = INCLUDE_SOURCE;
				MTL_FAST_MATH = YES;
				ONLY_ACTIVE_ARCH = YES;
				SDKROOT = iphoneos;
				SWIFT_ACTIVE_COMPILATION_CONDITIONS = DEBUG;
				SWIFT_OPTIMIZATION_LEVEL = "-Onone";
			};
			name = Debug;
		};
		92D1679E226CBA2B00E0110F /* Release */ = {
			isa = XCBuildConfiguration;
			buildSettings = {
				ALWAYS_SEARCH_USER_PATHS = NO;
				CLANG_ANALYZER_NONNULL = YES;
				CLANG_ANALYZER_NUMBER_OBJECT_CONVERSION = YES_AGGRESSIVE;
				CLANG_CXX_LANGUAGE_STANDARD = "gnu++14";
				CLANG_CXX_LIBRARY = "libc++";
				CLANG_ENABLE_MODULES = YES;
				CLANG_ENABLE_OBJC_ARC = YES;
				CLANG_ENABLE_OBJC_WEAK = YES;
				CLANG_WARN_BLOCK_CAPTURE_AUTORELEASING = YES;
				CLANG_WARN_BOOL_CONVERSION = YES;
				CLANG_WARN_COMMA = YES;
				CLANG_WARN_CONSTANT_CONVERSION = YES;
				CLANG_WARN_DEPRECATED_OBJC_IMPLEMENTATIONS = YES;
				CLANG_WARN_DIRECT_OBJC_ISA_USAGE = YES_ERROR;
				CLANG_WARN_DOCUMENTATION_COMMENTS = YES;
				CLANG_WARN_EMPTY_BODY = YES;
				CLANG_WARN_ENUM_CONVERSION = YES;
				CLANG_WARN_INFINITE_RECURSION = YES;
				CLANG_WARN_INT_CONVERSION = YES;
				CLANG_WARN_NON_LITERAL_NULL_CONVERSION = YES;
				CLANG_WARN_OBJC_IMPLICIT_RETAIN_SELF = YES;
				CLANG_WARN_OBJC_LITERAL_CONVERSION = YES;
				CLANG_WARN_OBJC_ROOT_CLASS = YES_ERROR;
				CLANG_WARN_RANGE_LOOP_ANALYSIS = YES;
				CLANG_WARN_STRICT_PROTOTYPES = YES;
				CLANG_WARN_SUSPICIOUS_MOVE = YES;
				CLANG_WARN_UNGUARDED_AVAILABILITY = YES_AGGRESSIVE;
				CLANG_WARN_UNREACHABLE_CODE = YES;
				CLANG_WARN__DUPLICATE_METHOD_MATCH = YES;
				CODE_SIGN_IDENTITY = "iPhone Developer";
				COPY_PHASE_STRIP = NO;
				DEBUG_INFORMATION_FORMAT = "dwarf-with-dsym";
				ENABLE_NS_ASSERTIONS = NO;
				ENABLE_STRICT_OBJC_MSGSEND = YES;
				GCC_C_LANGUAGE_STANDARD = gnu11;
				GCC_NO_COMMON_BLOCKS = YES;
				GCC_WARN_64_TO_32_BIT_CONVERSION = YES;
				GCC_WARN_ABOUT_RETURN_TYPE = YES_ERROR;
				GCC_WARN_UNDECLARED_SELECTOR = YES;
				GCC_WARN_UNINITIALIZED_AUTOS = YES_AGGRESSIVE;
				GCC_WARN_UNUSED_FUNCTION = YES;
				GCC_WARN_UNUSED_VARIABLE = YES;
				IPHONEOS_DEPLOYMENT_TARGET = 12.2;
				MTL_ENABLE_DEBUG_INFO = NO;
				MTL_FAST_MATH = YES;
				SDKROOT = iphoneos;
				SWIFT_COMPILATION_MODE = wholemodule;
				SWIFT_OPTIMIZATION_LEVEL = "-O";
				VALIDATE_PRODUCT = YES;
			};
			name = Release;
		};
		92D167A0226CBA2B00E0110F /* Debug */ = {
			isa = XCBuildConfiguration;
			buildSettings = {
				ASSETCATALOG_COMPILER_APPICON_NAME = AppIcon;
				CODE_SIGN_STYLE = Automatic;
				INFOPLIST_FILE = obligatorio1/Info.plist;
				IPHONEOS_DEPLOYMENT_TARGET = 10.0;
				LD_RUNPATH_SEARCH_PATHS = (
					"$(inherited)",
					"@executable_path/Frameworks",
				);
				PRODUCT_BUNDLE_IDENTIFIER = manuelbarral.obligatorio1;
				PRODUCT_NAME = "$(TARGET_NAME)";
				SWIFT_VERSION = 5.0;
				TARGETED_DEVICE_FAMILY = "1,2";
			};
			name = Debug;
		};
		92D167A1226CBA2B00E0110F /* Release */ = {
			isa = XCBuildConfiguration;
			buildSettings = {
				ASSETCATALOG_COMPILER_APPICON_NAME = AppIcon;
				CODE_SIGN_STYLE = Automatic;
				INFOPLIST_FILE = obligatorio1/Info.plist;
				IPHONEOS_DEPLOYMENT_TARGET = 10.0;
				LD_RUNPATH_SEARCH_PATHS = (
					"$(inherited)",
					"@executable_path/Frameworks",
				);
				PRODUCT_BUNDLE_IDENTIFIER = manuelbarral.obligatorio1;
				PRODUCT_NAME = "$(TARGET_NAME)";
				SWIFT_VERSION = 5.0;
				TARGETED_DEVICE_FAMILY = "1,2";
			};
			name = Release;
		};
/* End XCBuildConfiguration section */

/* Begin XCConfigurationList section */
		92D16788226CBA2900E0110F /* Build configuration list for PBXProject "obligatorio1" */ = {
			isa = XCConfigurationList;
			buildConfigurations = (
				92D1679D226CBA2B00E0110F /* Debug */,
				92D1679E226CBA2B00E0110F /* Release */,
			);
			defaultConfigurationIsVisible = 0;
			defaultConfigurationName = Release;
		};
		92D1679F226CBA2B00E0110F /* Build configuration list for PBXNativeTarget "obligatorio1" */ = {
			isa = XCConfigurationList;
			buildConfigurations = (
				92D167A0226CBA2B00E0110F /* Debug */,
				92D167A1226CBA2B00E0110F /* Release */,
			);
			defaultConfigurationIsVisible = 0;
			defaultConfigurationName = Release;
		};
/* End XCConfigurationList section */
	};
	rootObject = 92D16785226CBA2900E0110F /* Project object */;
}
